
Microsoft Visual Studio Solution File, Format Version 12.00
# Visual Studio Version 17
VisualStudioVersion = 17.9.34728.123
MinimumVisualStudioVersion = 10.0.40219.1
Project("{FAE04EC0-301F-11D3-BF4B-00C04F79EFBC}") = "SegundoProjeto", "SegundoProjeto\SegundoProjeto.csproj", "{1F7B6A4F-7474-4BA5-A9E8-7475B6259DBE}"
EndProject
Global
	GlobalSection(SolutionConfigurationPlatforms) = preSolution
		Debug|Any CPU = Debug|Any CPU
		Release|Any CPU = Release|Any CPU
	EndGlobalSection
	GlobalSection(ProjectConfigurationPlatforms) = postSolution
		{1F7B6A4F-7474-4BA5-A9E8-7475B6259DBE}.Debug|Any CPU.ActiveCfg = Debug|Any CPU
		{1F7B6A4F-7474-4BA5-A9E8-7475B6259DBE}.Debug|Any CPU.Build.0 = Debug|Any CPU
		{1F7B6A4F-7474-4BA5-A9E8-7475B6259DBE}.Release|Any CPU.ActiveCfg = Release|Any CPU
		{1F7B6A4F-7474-4BA5-A9E8-7475B6259DBE}.Release|Any CPU.Build.0 = Release|Any CPU
	EndGlobalSection
	GlobalSection(SolutionProperties) = preSolution
		HideSolutionNode = FALSE
	EndGlobalSection
	GlobalSection(ExtensibilityGlobals) = postSolution
		SolutionGuid = {2AB8723D-D502-4554-A2FF-CA33119E643A}
	EndGlobalSection
EndGlobal
