
Microsoft Visual Studio Solution File, Format Version 12.00
# Visual Studio Version 17
VisualStudioVersion = 17.9.34728.123
MinimumVisualStudioVersion = 10.0.40219.1
Project("{FAE04EC0-301F-11D3-BF4B-00C04F79EFBC}") = "Exemplos", "Exemplos\Exemplos.csproj", "{B368F8FA-0ECD-4E4A-A001-BAF5228D088D}"
EndProject
Global
	GlobalSection(SolutionConfigurationPlatforms) = preSolution
		Debug|Any CPU = Debug|Any CPU
		Release|Any CPU = Release|Any CPU
	EndGlobalSection
	GlobalSection(ProjectConfigurationPlatforms) = postSolution
		{B368F8FA-0ECD-4E4A-A001-BAF5228D088D}.Debug|Any CPU.ActiveCfg = Debug|Any CPU
		{B368F8FA-0ECD-4E4A-A001-BAF5228D088D}.Debug|Any CPU.Build.0 = Debug|Any CPU
		{B368F8FA-0ECD-4E4A-A001-BAF5228D088D}.Release|Any CPU.ActiveCfg = Release|Any CPU
		{B368F8FA-0ECD-4E4A-A001-BAF5228D088D}.Release|Any CPU.Build.0 = Release|Any CPU
	EndGlobalSection
	GlobalSection(SolutionProperties) = preSolution
		HideSolutionNode = FALSE
	EndGlobalSection
	GlobalSection(ExtensibilityGlobals) = postSolution
		SolutionGuid = {478A31D2-EA1F-4550-A4A2-A66F463BED50}
	EndGlobalSection
EndGlobal
