
Microsoft Visual Studio Solution File, Format Version 12.00
# Visual Studio Version 17
VisualStudioVersion = 17.9.34728.123
MinimumVisualStudioVersion = 10.0.40219.1
Project("{FAE04EC0-301F-11D3-BF4B-00C04F79EFBC}") = "PrimeiroProjeto", "PrimeiroProjeto\PrimeiroProjeto.csproj", "{7CA61024-5CF6-4C72-B5AA-5462E7DA95DF}"
EndProject
Global
	GlobalSection(SolutionConfigurationPlatforms) = preSolution
		Debug|Any CPU = Debug|Any CPU
		Release|Any CPU = Release|Any CPU
	EndGlobalSection
	GlobalSection(ProjectConfigurationPlatforms) = postSolution
		{7CA61024-5CF6-4C72-B5AA-5462E7DA95DF}.Debug|Any CPU.ActiveCfg = Debug|Any CPU
		{7CA61024-5CF6-4C72-B5AA-5462E7DA95DF}.Debug|Any CPU.Build.0 = Debug|Any CPU
		{7CA61024-5CF6-4C72-B5AA-5462E7DA95DF}.Release|Any CPU.ActiveCfg = Release|Any CPU
		{7CA61024-5CF6-4C72-B5AA-5462E7DA95DF}.Release|Any CPU.Build.0 = Release|Any CPU
	EndGlobalSection
	GlobalSection(SolutionProperties) = preSolution
		HideSolutionNode = FALSE
	EndGlobalSection
	GlobalSection(ExtensibilityGlobals) = postSolution
		SolutionGuid = {0795AAB1-3172-4ADF-82B8-F2F5FD93EA61}
	EndGlobalSection
EndGlobal
